
Microsoft Visual Studio Solution File, Format Version 11.00
# Visual Studio 2010
Project("{FAE04EC0-301F-11D3-BF4B-00C04F79EFBC}") = "wifiGOD", "SatteliteCrashers\SatteliteCrashers\wifiGOD.csproj", "{26F7F2C8-61AF-4E18-A487-CB4B22609D08}"
EndProject
Project("{FAE04EC0-301F-11D3-BF4B-00C04F79EFBC}") = "wifiGODContent", "SatteliteCrashers\SatteliteCrashersContent\wifiGODContent.contentproj", "{21BBEF54-2A32-4500-AE2B-CBD36A1EBAAA}"
EndProject
Global
	GlobalSection(SolutionConfigurationPlatforms) = preSolution
		Debug|x86 = Debug|x86
		Release|x86 = Release|x86
	EndGlobalSection
	GlobalSection(ProjectConfigurationPlatforms) = postSolution
		{26F7F2C8-61AF-4E18-A487-CB4B22609D08}.Debug|x86.ActiveCfg = Debug|x86
		{26F7F2C8-61AF-4E18-A487-CB4B22609D08}.Debug|x86.Build.0 = Debug|x86
		{26F7F2C8-61AF-4E18-A487-CB4B22609D08}.Release|x86.ActiveCfg = Release|x86
		{26F7F2C8-61AF-4E18-A487-CB4B22609D08}.Release|x86.Build.0 = Release|x86
		{21BBEF54-2A32-4500-AE2B-CBD36A1EBAAA}.Debug|x86.ActiveCfg = Debug|x86
		{21BBEF54-2A32-4500-AE2B-CBD36A1EBAAA}.Release|x86.ActiveCfg = Release|x86
	EndGlobalSection
	GlobalSection(SolutionProperties) = preSolution
		HideSolutionNode = FALSE
	EndGlobalSection
EndGlobal
