Microsoft Visual Studio Solution File, Format Version 11.00
# Visual Studio 2008

Project("{EBE7604C-752A-E07A-EB6D-E64B1F9C581E}") = "wifiGOD", "Assembly-CSharp.csproj", "{ECFD8976-AAC3-4391-F7A7-321B1CED760E}"
EndProject
Global
	GlobalSection(SolutionConfigurationPlatforms) = preSolution
		Debug|Any CPU = Debug|Any CPU
		Release|Any CPU = Release|Any CPU
	EndGlobalSection
	GlobalSection(ProjectConfigurationPlatforms) = postSolution
		{ECFD8976-AAC3-4391-F7A7-321B1CED760E}.Debug|Any CPU.ActiveCfg = Debug|Any CPU
		{ECFD8976-AAC3-4391-F7A7-321B1CED760E}.Debug|Any CPU.Build.0 = Debug|Any CPU
		{ECFD8976-AAC3-4391-F7A7-321B1CED760E}.Release|Any CPU.ActiveCfg = Release|Any CPU
		{ECFD8976-AAC3-4391-F7A7-321B1CED760E}.Release|Any CPU.Build.0 = Release|Any CPU
	EndGlobalSection
	GlobalSection(SolutionProperties) = preSolution
		HideSolutionNode = FALSE
	EndGlobalSection
																																		GlobalSection(MonoDevelopProperties) = preSolution
=======
												GlobalSection(MonoDevelopProperties) = preSolution
>>>>>>> manny:wifiGOD/wifiGOD.sln
		StartupItem = Assembly-CSharp.csproj
		Policies = $0
		$0.TextStylePolicy = $1
		$1.inheritsSet = null
		$1.scope = text/x-csharp
		$0.CSharpFormattingPolicy = $2
		$2.inheritsSet = Mono
		$2.inheritsScope = text/x-csharp
		$2.scope = text/x-csharp
		$0.TextStylePolicy = $3
		$3.FileWidth = 120
		$3.TabWidth = 4
		$3.EolMarker = Unix
		$3.inheritsSet = Mono
		$3.inheritsScope = text/plain
		$3.scope = text/plain
	EndGlobalSection

EndGlobal
